{
    "_meta": {
        "hash": {
            "sha256": "d9af77848cd61b873163c0328d639c58d599d5ea96cfb1bb98754b4179856dc8"
        },
        "pipfile-spec": 6,
        "requires": {
            "python_full_version": "3.10.9",
            "python_version": "3.10"
        },
        "sources": [
            {
                "name": "pypi",
                "url": "https://pypi.org/simple",
                "verify_ssl": true
            }
        ]
    },
    "default": {},
    "develop": {
        "detector": {
            "editable": true,
            "path": "./src/detector"
        },
        "predictor": {
            "editable": true,
            "path": "./src/predictor"
        },
        "setuptools": {
            "hashes": [
                "sha256:2ee892cd5f29f3373097f5a814697e397cf3ce313616df0af11231e2ad118077",
                "sha256:b78aaa36f6b90a074c1fa651168723acbf45d14cb1196b6f02c0fd07f17623b2"
            ],
            "markers": "python_version >= '3.7'",
            "version": "==67.6.0"
        }
    }
}
